// !$*UTF8*$!
{
	archiveVersion = 1;
	classes = {
	};
	objectVersion = 51;
	objects = {

/* Begin PBXBuildFile section */
		1D2EBE1097537797E9BD6950 /* Pods_Parstagram_ParstagramUITests.framework in Frameworks */ = {isa = PBXBuildFile; fileRef = 3B52072B47DE89135E20FF5D /* Pods_Parstagram_ParstagramUITests.framework */; };
		7389675D4FA0D77D0AE5770D /* Pods_Parstagram.framework in Frameworks */ = {isa = PBXBuildFile; fileRef = C3F343369A98EDD2622F6E1D /* Pods_Parstagram.framework */; };
		8EADE9B32543C64C0019968E /* LoginViewController.swift in Sources */ = {isa = PBXBuildFile; fileRef = 8EADE9B22543C64C0019968E /* LoginViewController.swift */; };
		8EADE9B82543C6590019968E /* FeedViewController.swift in Sources */ = {isa = PBXBuildFile; fileRef = 8EADE9B72543C6590019968E /* FeedViewController.swift */; };
		8EADE9BD2543CF9C0019968E /* CameraViewController.swift in Sources */ = {isa = PBXBuildFile; fileRef = 8EADE9BC2543CF9C0019968E /* CameraViewController.swift */; };
		8EADE9CD2543DAD20019968E /* PostCell.swift in Sources */ = {isa = PBXBuildFile; fileRef = 8EADE9CC2543DAD20019968E /* PostCell.swift */; };
		8ED0860B2543C2830071F547 /* AppDelegate.swift in Sources */ = {isa = PBXBuildFile; fileRef = 8ED0860A2543C2830071F547 /* AppDelegate.swift */; };
		8ED0860D2543C2830071F547 /* SceneDelegate.swift in Sources */ = {isa = PBXBuildFile; fileRef = 8ED0860C2543C2830071F547 /* SceneDelegate.swift */; };
		8ED0860F2543C2830071F547 /* ViewController.swift in Sources */ = {isa = PBXBuildFile; fileRef = 8ED0860E2543C2830071F547 /* ViewController.swift */; };
		8ED086122543C2830071F547 /* Main.storyboard in Resources */ = {isa = PBXBuildFile; fileRef = 8ED086102543C2830071F547 /* Main.storyboard */; };
		8ED086142543C2850071F547 /* Assets.xcassets in Resources */ = {isa = PBXBuildFile; fileRef = 8ED086132543C2850071F547 /* Assets.xcassets */; };
		8ED086172543C2850071F547 /* LaunchScreen.storyboard in Resources */ = {isa = PBXBuildFile; fileRef = 8ED086152543C2850071F547 /* LaunchScreen.storyboard */; };
		8ED086222543C2860071F547 /* ParstagramTests.swift in Sources */ = {isa = PBXBuildFile; fileRef = 8ED086212543C2860071F547 /* ParstagramTests.swift */; };
		8ED0862D2543C2860071F547 /* ParstagramUITests.swift in Sources */ = {isa = PBXBuildFile; fileRef = 8ED0862C2543C2860071F547 /* ParstagramUITests.swift */; };
		9F007778AB6E67C0A82D6D20 /* Pods_ParstagramTests.framework in Frameworks */ = {isa = PBXBuildFile; fileRef = E73A06C67EBEC5262809F2D5 /* Pods_ParstagramTests.framework */; };
/* End PBXBuildFile section */

/* Begin PBXContainerItemProxy section */
		8ED0861E2543C2850071F547 /* PBXContainerItemProxy */ = {
			isa = PBXContainerItemProxy;
			containerPortal = 8ED085FF2543C2830071F547 /* Project object */;
			proxyType = 1;
			remoteGlobalIDString = 8ED086062543C2830071F547;
			remoteInfo = Parstagram;
		};
		8ED086292543C2860071F547 /* PBXContainerItemProxy */ = {
			isa = PBXContainerItemProxy;
			containerPortal = 8ED085FF2543C2830071F547 /* Project object */;
			proxyType = 1;
			remoteGlobalIDString = 8ED086062543C2830071F547;
			remoteInfo = Parstagram;
		};
/* End PBXContainerItemProxy section */

/* Begin PBXFileReference section */
		1379FB43CDB73321D5F11FBB /* Pods-ParstagramTests.debug.xcconfig */ = {isa = PBXFileReference; includeInIndex = 1; lastKnownFileType = text.xcconfig; name = "Pods-ParstagramTests.debug.xcconfig"; path = "Target Support Files/Pods-ParstagramTests/Pods-ParstagramTests.debug.xcconfig"; sourceTree = "<group>"; };
		207E42C3F433932329BE3CA1 /* Pods-Parstagram.debug.xcconfig */ = {isa = PBXFileReference; includeInIndex = 1; lastKnownFileType = text.xcconfig; name = "Pods-Parstagram.debug.xcconfig"; path = "Target Support Files/Pods-Parstagram/Pods-Parstagram.debug.xcconfig"; sourceTree = "<group>"; };
		3040D3C4987735C3D2579C69 /* Pods-Parstagram.release.xcconfig */ = {isa = PBXFileReference; includeInIndex = 1; lastKnownFileType = text.xcconfig; name = "Pods-Parstagram.release.xcconfig"; path = "Target Support Files/Pods-Parstagram/Pods-Parstagram.release.xcconfig"; sourceTree = "<group>"; };
		3B52072B47DE89135E20FF5D /* Pods_Parstagram_ParstagramUITests.framework */ = {isa = PBXFileReference; explicitFileType = wrapper.framework; includeInIndex = 0; path = Pods_Parstagram_ParstagramUITests.framework; sourceTree = BUILT_PRODUCTS_DIR; };
		8EADE9B22543C64C0019968E /* LoginViewController.swift */ = {isa = PBXFileReference; lastKnownFileType = sourcecode.swift; path = LoginViewController.swift; sourceTree = "<group>"; };
		8EADE9B72543C6590019968E /* FeedViewController.swift */ = {isa = PBXFileReference; lastKnownFileType = sourcecode.swift; path = FeedViewController.swift; sourceTree = "<group>"; };
		8EADE9BC2543CF9C0019968E /* CameraViewController.swift */ = {isa = PBXFileReference; lastKnownFileType = sourcecode.swift; path = CameraViewController.swift; sourceTree = "<group>"; };
		8EADE9CC2543DAD20019968E /* PostCell.swift */ = {isa = PBXFileReference; lastKnownFileType = sourcecode.swift; path = PostCell.swift; sourceTree = "<group>"; };
		8ED086072543C2830071F547 /* Parstagram.app */ = {isa = PBXFileReference; explicitFileType = wrapper.application; includeInIndex = 0; path = Parstagram.app; sourceTree = BUILT_PRODUCTS_DIR; };
		8ED0860A2543C2830071F547 /* AppDelegate.swift */ = {isa = PBXFileReference; lastKnownFileType = sourcecode.swift; path = AppDelegate.swift; sourceTree = "<group>"; };
		8ED0860C2543C2830071F547 /* SceneDelegate.swift */ = {isa = PBXFileReference; lastKnownFileType = sourcecode.swift; path = SceneDelegate.swift; sourceTree = "<group>"; };
		8ED0860E2543C2830071F547 /* ViewController.swift */ = {isa = PBXFileReference; lastKnownFileType = sourcecode.swift; path = ViewController.swift; sourceTree = "<group>"; };
		8ED086112543C2830071F547 /* Base */ = {isa = PBXFileReference; lastKnownFileType = file.storyboard; name = Base; path = Base.lproj/Main.storyboard; sourceTree = "<group>"; };
		8ED086132543C2850071F547 /* Assets.xcassets */ = {isa = PBXFileReference; lastKnownFileType = folder.assetcatalog; path = Assets.xcassets; sourceTree = "<group>"; };
		8ED086162543C2850071F547 /* Base */ = {isa = PBXFileReference; lastKnownFileType = file.storyboard; name = Base; path = Base.lproj/LaunchScreen.storyboard; sourceTree = "<group>"; };
		8ED086182543C2850071F547 /* Info.plist */ = {isa = PBXFileReference; lastKnownFileType = text.plist.xml; path = Info.plist; sourceTree = "<group>"; };
		8ED0861D2543C2850071F547 /* ParstagramTests.xctest */ = {isa = PBXFileReference; explicitFileType = wrapper.cfbundle; includeInIndex = 0; path = ParstagramTests.xctest; sourceTree = BUILT_PRODUCTS_DIR; };
		8ED086212543C2860071F547 /* ParstagramTests.swift */ = {isa = PBXFileReference; lastKnownFileType = sourcecode.swift; path = ParstagramTests.swift; sourceTree = "<group>"; };
		8ED086232543C2860071F547 /* Info.plist */ = {isa = PBXFileReference; lastKnownFileType = text.plist.xml; path = Info.plist; sourceTree = "<group>"; };
		8ED086282543C2860071F547 /* ParstagramUITests.xctest */ = {isa = PBXFileReference; explicitFileType = wrapper.cfbundle; includeInIndex = 0; path = ParstagramUITests.xctest; sourceTree = BUILT_PRODUCTS_DIR; };
		8ED0862C2543C2860071F547 /* ParstagramUITests.swift */ = {isa = PBXFileReference; lastKnownFileType = sourcecode.swift; path = ParstagramUITests.swift; sourceTree = "<group>"; };
		8ED0862E2543C2860071F547 /* Info.plist */ = {isa = PBXFileReference; lastKnownFileType = text.plist.xml; path = Info.plist; sourceTree = "<group>"; };
		A9AE019135E2717BEB338ED4 /* Pods-ParstagramTests.release.xcconfig */ = {isa = PBXFileReference; includeInIndex = 1; lastKnownFileType = text.xcconfig; name = "Pods-ParstagramTests.release.xcconfig"; path = "Target Support Files/Pods-ParstagramTests/Pods-ParstagramTests.release.xcconfig"; sourceTree = "<group>"; };
		B953221262E4FB6FEAF4ABBB /* Pods-Parstagram-ParstagramUITests.release.xcconfig */ = {isa = PBXFileReference; includeInIndex = 1; lastKnownFileType = text.xcconfig; name = "Pods-Parstagram-ParstagramUITests.release.xcconfig"; path = "Target Support Files/Pods-Parstagram-ParstagramUITests/Pods-Parstagram-ParstagramUITests.release.xcconfig"; sourceTree = "<group>"; };
		C036F3CC282F279EC075EFD6 /* Pods-Parstagram-ParstagramUITests.debug.xcconfig */ = {isa = PBXFileReference; includeInIndex = 1; lastKnownFileType = text.xcconfig; name = "Pods-Parstagram-ParstagramUITests.debug.xcconfig"; path = "Target Support Files/Pods-Parstagram-ParstagramUITests/Pods-Parstagram-ParstagramUITests.debug.xcconfig"; sourceTree = "<group>"; };
		C3F343369A98EDD2622F6E1D /* Pods_Parstagram.framework */ = {isa = PBXFileReference; explicitFileType = wrapper.framework; includeInIndex = 0; path = Pods_Parstagram.framework; sourceTree = BUILT_PRODUCTS_DIR; };
		E73A06C67EBEC5262809F2D5 /* Pods_ParstagramTests.framework */ = {isa = PBXFileReference; explicitFileType = wrapper.framework; includeInIndex = 0; path = Pods_ParstagramTests.framework; sourceTree = BUILT_PRODUCTS_DIR; };
/* End PBXFileReference section */

/* Begin PBXFrameworksBuildPhase section */
		8ED086042543C2830071F547 /* Frameworks */ = {
			isa = PBXFrameworksBuildPhase;
			buildActionMask = 2147483647;
			files = (
				7389675D4FA0D77D0AE5770D /* Pods_Parstagram.framework in Frameworks */,
			);
			runOnlyForDeploymentPostprocessing = 0;
		};
		8ED0861A2543C2850071F547 /* Frameworks */ = {
			isa = PBXFrameworksBuildPhase;
			buildActionMask = 2147483647;
			files = (
				9F007778AB6E67C0A82D6D20 /* Pods_ParstagramTests.framework in Frameworks */,
			);
			runOnlyForDeploymentPostprocessing = 0;
		};
		8ED086252543C2860071F547 /* Frameworks */ = {
			isa = PBXFrameworksBuildPhase;
			buildActionMask = 2147483647;
			files = (
				1D2EBE1097537797E9BD6950 /* Pods_Parstagram_ParstagramUITests.framework in Frameworks */,
			);
			runOnlyForDeploymentPostprocessing = 0;
		};
/* End PBXFrameworksBuildPhase section */

/* Begin PBXGroup section */
		4818095874DF0768E6AD03B7 /* Pods */ = {
			isa = PBXGroup;
			children = (
				207E42C3F433932329BE3CA1 /* Pods-Parstagram.debug.xcconfig */,
				3040D3C4987735C3D2579C69 /* Pods-Parstagram.release.xcconfig */,
				C036F3CC282F279EC075EFD6 /* Pods-Parstagram-ParstagramUITests.debug.xcconfig */,
				B953221262E4FB6FEAF4ABBB /* Pods-Parstagram-ParstagramUITests.release.xcconfig */,
				1379FB43CDB73321D5F11FBB /* Pods-ParstagramTests.debug.xcconfig */,
				A9AE019135E2717BEB338ED4 /* Pods-ParstagramTests.release.xcconfig */,
			);
			path = Pods;
			sourceTree = "<group>";
		};
		6E7FA5605D0BB43E75943061 /* Frameworks */ = {
			isa = PBXGroup;
			children = (
				C3F343369A98EDD2622F6E1D /* Pods_Parstagram.framework */,
				3B52072B47DE89135E20FF5D /* Pods_Parstagram_ParstagramUITests.framework */,
				E73A06C67EBEC5262809F2D5 /* Pods_ParstagramTests.framework */,
			);
			name = Frameworks;
			sourceTree = "<group>";
		};
		8ED085FE2543C2830071F547 = {
			isa = PBXGroup;
			children = (
				8ED086092543C2830071F547 /* Parstagram */,
				8ED086202543C2850071F547 /* ParstagramTests */,
				8ED0862B2543C2860071F547 /* ParstagramUITests */,
				8ED086082543C2830071F547 /* Products */,
				4818095874DF0768E6AD03B7 /* Pods */,
				6E7FA5605D0BB43E75943061 /* Frameworks */,
			);
			sourceTree = "<group>";
		};
		8ED086082543C2830071F547 /* Products */ = {
			isa = PBXGroup;
			children = (
				8ED086072543C2830071F547 /* Parstagram.app */,
				8ED0861D2543C2850071F547 /* ParstagramTests.xctest */,
				8ED086282543C2860071F547 /* ParstagramUITests.xctest */,
			);
			name = Products;
			sourceTree = "<group>";
		};
		8ED086092543C2830071F547 /* Parstagram */ = {
			isa = PBXGroup;
			children = (
				8ED0860A2543C2830071F547 /* AppDelegate.swift */,
				8ED0860C2543C2830071F547 /* SceneDelegate.swift */,
				8ED0860E2543C2830071F547 /* ViewController.swift */,
				8ED086102543C2830071F547 /* Main.storyboard */,
				8ED086132543C2850071F547 /* Assets.xcassets */,
				8ED086152543C2850071F547 /* LaunchScreen.storyboard */,
				8ED086182543C2850071F547 /* Info.plist */,
				8EADE9B22543C64C0019968E /* LoginViewController.swift */,
				8EADE9B72543C6590019968E /* FeedViewController.swift */,
				8EADE9BC2543CF9C0019968E /* CameraViewController.swift */,
				8EADE9CC2543DAD20019968E /* PostCell.swift */,
			);
			path = Parstagram;
			sourceTree = "<group>";
		};
		8ED086202543C2850071F547 /* ParstagramTests */ = {
			isa = PBXGroup;
			children = (
				8ED086212543C2860071F547 /* ParstagramTests.swift */,
				8ED086232543C2860071F547 /* Info.plist */,
			);
			path = ParstagramTests;
			sourceTree = "<group>";
		};
		8ED0862B2543C2860071F547 /* ParstagramUITests */ = {
			isa = PBXGroup;
			children = (
				8ED0862C2543C2860071F547 /* ParstagramUITests.swift */,
				8ED0862E2543C2860071F547 /* Info.plist */,
			);
			path = ParstagramUITests;
			sourceTree = "<group>";
		};
/* End PBXGroup section */

/* Begin PBXNativeTarget section */
		8ED086062543C2830071F547 /* Parstagram */ = {
			isa = PBXNativeTarget;
			buildConfigurationList = 8ED086312543C2860071F547 /* Build configuration list for PBXNativeTarget "Parstagram" */;
			buildPhases = (
				E41D1BBA29EDDB621161672C /* [CP] Check Pods Manifest.lock */,
				8ED086032543C2830071F547 /* Sources */,
				8ED086042543C2830071F547 /* Frameworks */,
				8ED086052543C2830071F547 /* Resources */,
				D8E03DAFA5C19F6B5A9D772E /* [CP] Embed Pods Frameworks */,
			);
			buildRules = (
			);
			dependencies = (
			);
			name = Parstagram;
			productName = Parstagram;
			productReference = 8ED086072543C2830071F547 /* Parstagram.app */;
			productType = "com.apple.product-type.application";
		};
		8ED0861C2543C2850071F547 /* ParstagramTests */ = {
			isa = PBXNativeTarget;
			buildConfigurationList = 8ED086342543C2860071F547 /* Build configuration list for PBXNativeTarget "ParstagramTests" */;
			buildPhases = (
				63E991A91B4747FF9DAA871D /* [CP] Check Pods Manifest.lock */,
				8ED086192543C2850071F547 /* Sources */,
				8ED0861A2543C2850071F547 /* Frameworks */,
				8ED0861B2543C2850071F547 /* Resources */,
			);
			buildRules = (
			);
			dependencies = (
				8ED0861F2543C2850071F547 /* PBXTargetDependency */,
			);
			name = ParstagramTests;
			productName = ParstagramTests;
			productReference = 8ED0861D2543C2850071F547 /* ParstagramTests.xctest */;
			productType = "com.apple.product-type.bundle.unit-test";
		};
		8ED086272543C2860071F547 /* ParstagramUITests */ = {
			isa = PBXNativeTarget;
			buildConfigurationList = 8ED086372543C2860071F547 /* Build configuration list for PBXNativeTarget "ParstagramUITests" */;
			buildPhases = (
				69942A1B8A5ABC55CDE1FBA5 /* [CP] Check Pods Manifest.lock */,
				8ED086242543C2860071F547 /* Sources */,
				8ED086252543C2860071F547 /* Frameworks */,
				8ED086262543C2860071F547 /* Resources */,
				FE46802088BF92DB1373509F /* [CP] Embed Pods Frameworks */,
			);
			buildRules = (
			);
			dependencies = (
				8ED0862A2543C2860071F547 /* PBXTargetDependency */,
			);
			name = ParstagramUITests;
			productName = ParstagramUITests;
			productReference = 8ED086282543C2860071F547 /* ParstagramUITests.xctest */;
			productType = "com.apple.product-type.bundle.ui-testing";
		};
/* End PBXNativeTarget section */

/* Begin PBXProject section */
		8ED085FF2543C2830071F547 /* Project object */ = {
			isa = PBXProject;
			attributes = {
				LastSwiftUpdateCheck = 1200;
				LastUpgradeCheck = 1200;
				TargetAttributes = {
					8ED086062543C2830071F547 = {
						CreatedOnToolsVersion = 12.0;
					};
					8ED0861C2543C2850071F547 = {
						CreatedOnToolsVersion = 12.0;
						TestTargetID = 8ED086062543C2830071F547;
					};
					8ED086272543C2860071F547 = {
						CreatedOnToolsVersion = 12.0;
						TestTargetID = 8ED086062543C2830071F547;
					};
				};
			};
			buildConfigurationList = 8ED086022543C2830071F547 /* Build configuration list for PBXProject "Parstagram" */;
			compatibilityVersion = "Xcode 9.3";
			developmentRegion = en;
			hasScannedForEncodings = 0;
			knownRegions = (
				en,
				Base,
			);
			mainGroup = 8ED085FE2543C2830071F547;
			productRefGroup = 8ED086082543C2830071F547 /* Products */;
			projectDirPath = "";
			projectRoot = "";
			targets = (
				8ED086062543C2830071F547 /* Parstagram */,
				8ED0861C2543C2850071F547 /* ParstagramTests */,
				8ED086272543C2860071F547 /* ParstagramUITests */,
			);
		};
/* End PBXProject section */

/* Begin PBXResourcesBuildPhase section */
		8ED086052543C2830071F547 /* Resources */ = {
			isa = PBXResourcesBuildPhase;
			buildActionMask = 2147483647;
			files = (
				8ED086172543C2850071F547 /* LaunchScreen.storyboard in Resources */,
				8ED086142543C2850071F547 /* Assets.xcassets in Resources */,
				8ED086122543C2830071F547 /* Main.storyboard in Resources */,
			);
			runOnlyForDeploymentPostprocessing = 0;
		};
		8ED0861B2543C2850071F547 /* Resources */ = {
			isa = PBXResourcesBuildPhase;
			buildActionMask = 2147483647;
			files = (
			);
			runOnlyForDeploymentPostprocessing = 0;
		};
		8ED086262543C2860071F547 /* Resources */ = {
			isa = PBXResourcesBuildPhase;
			buildActionMask = 2147483647;
			files = (
			);
			runOnlyForDeploymentPostprocessing = 0;
		};
/* End PBXResourcesBuildPhase section */

/* Begin PBXShellScriptBuildPhase section */
		63E991A91B4747FF9DAA871D /* [CP] Check Pods Manifest.lock */ = {
			isa = PBXShellScriptBuildPhase;
			buildActionMask = 2147483647;
			files = (
			);
			inputFileListPaths = (
			);
			inputPaths = (
				"${PODS_PODFILE_DIR_PATH}/Podfile.lock",
				"${PODS_ROOT}/Manifest.lock",
			);
			name = "[CP] Check Pods Manifest.lock";
			outputFileListPaths = (
			);
			outputPaths = (
				"$(DERIVED_FILE_DIR)/Pods-ParstagramTests-checkManifestLockResult.txt",
			);
			runOnlyForDeploymentPostprocessing = 0;
			shellPath = /bin/sh;
			shellScript = "diff \"${PODS_PODFILE_DIR_PATH}/Podfile.lock\" \"${PODS_ROOT}/Manifest.lock\" > /dev/null\nif [ $? != 0 ] ; then\n    # print error to STDERR\n    echo \"error: The sandbox is not in sync with the Podfile.lock. Run 'pod install' or update your CocoaPods installation.\" >&2\n    exit 1\nfi\n# This output is used by Xcode 'outputs' to avoid re-running this script phase.\necho \"SUCCESS\" > \"${SCRIPT_OUTPUT_FILE_0}\"\n";
			showEnvVarsInLog = 0;
		};
		69942A1B8A5ABC55CDE1FBA5 /* [CP] Check Pods Manifest.lock */ = {
			isa = PBXShellScriptBuildPhase;
			buildActionMask = 2147483647;
			files = (
			);
			inputFileListPaths = (
			);
			inputPaths = (
				"${PODS_PODFILE_DIR_PATH}/Podfile.lock",
				"${PODS_ROOT}/Manifest.lock",
			);
			name = "[CP] Check Pods Manifest.lock";
			outputFileListPaths = (
			);
			outputPaths = (
				"$(DERIVED_FILE_DIR)/Pods-Parstagram-ParstagramUITests-checkManifestLockResult.txt",
			);
			runOnlyForDeploymentPostprocessing = 0;
			shellPath = /bin/sh;
			shellScript = "diff \"${PODS_PODFILE_DIR_PATH}/Podfile.lock\" \"${PODS_ROOT}/Manifest.lock\" > /dev/null\nif [ $? != 0 ] ; then\n    # print error to STDERR\n    echo \"error: The sandbox is not in sync with the Podfile.lock. Run 'pod install' or update your CocoaPods installation.\" >&2\n    exit 1\nfi\n# This output is used by Xcode 'outputs' to avoid re-running this script phase.\necho \"SUCCESS\" > \"${SCRIPT_OUTPUT_FILE_0}\"\n";
			showEnvVarsInLog = 0;
		};
		D8E03DAFA5C19F6B5A9D772E /* [CP] Embed Pods Frameworks */ = {
			isa = PBXShellScriptBuildPhase;
			buildActionMask = 2147483647;
			files = (
			);
			inputFileListPaths = (
				"${PODS_ROOT}/Target Support Files/Pods-Parstagram/Pods-Parstagram-frameworks-${CONFIGURATION}-input-files.xcfilelist",
			);
			name = "[CP] Embed Pods Frameworks";
			outputFileListPaths = (
				"${PODS_ROOT}/Target Support Files/Pods-Parstagram/Pods-Parstagram-frameworks-${CONFIGURATION}-output-files.xcfilelist",
			);
			runOnlyForDeploymentPostprocessing = 0;
			shellPath = /bin/sh;
			shellScript = "\"${PODS_ROOT}/Target Support Files/Pods-Parstagram/Pods-Parstagram-frameworks.sh\"\n";
			showEnvVarsInLog = 0;
		};
		E41D1BBA29EDDB621161672C /* [CP] Check Pods Manifest.lock */ = {
			isa = PBXShellScriptBuildPhase;
			buildActionMask = 2147483647;
			files = (
			);
			inputFileListPaths = (
			);
			inputPaths = (
				"${PODS_PODFILE_DIR_PATH}/Podfile.lock",
				"${PODS_ROOT}/Manifest.lock",
			);
			name = "[CP] Check Pods Manifest.lock";
			outputFileListPaths = (
			);
			outputPaths = (
				"$(DERIVED_FILE_DIR)/Pods-Parstagram-checkManifestLockResult.txt",
			);
			runOnlyForDeploymentPostprocessing = 0;
			shellPath = /bin/sh;
			shellScript = "diff \"${PODS_PODFILE_DIR_PATH}/Podfile.lock\" \"${PODS_ROOT}/Manifest.lock\" > /dev/null\nif [ $? != 0 ] ; then\n    # print error to STDERR\n    echo \"error: The sandbox is not in sync with the Podfile.lock. Run 'pod install' or update your CocoaPods installation.\" >&2\n    exit 1\nfi\n# This output is used by Xcode 'outputs' to avoid re-running this script phase.\necho \"SUCCESS\" > \"${SCRIPT_OUTPUT_FILE_0}\"\n";
			showEnvVarsInLog = 0;
		};
		FE46802088BF92DB1373509F /* [CP] Embed Pods Frameworks */ = {
			isa = PBXShellScriptBuildPhase;
			buildActionMask = 2147483647;
			files = (
			);
			inputFileListPaths = (
				"${PODS_ROOT}/Target Support Files/Pods-Parstagram-ParstagramUITests/Pods-Parstagram-ParstagramUITests-frameworks-${CONFIGURATION}-input-files.xcfilelist",
			);
			name = "[CP] Embed Pods Frameworks";
			outputFileListPaths = (
				"${PODS_ROOT}/Target Support Files/Pods-Parstagram-ParstagramUITests/Pods-Parstagram-ParstagramUITests-frameworks-${CONFIGURATION}-output-files.xcfilelist",
			);
			runOnlyForDeploymentPostprocessing = 0;
			shellPath = /bin/sh;
			shellScript = "\"${PODS_ROOT}/Target Support Files/Pods-Parstagram-ParstagramUITests/Pods-Parstagram-ParstagramUITests-frameworks.sh\"\n";
			showEnvVarsInLog = 0;
		};
/* End PBXShellScriptBuildPhase section */

/* Begin PBXSourcesBuildPhase section */
		8ED086032543C2830071F547 /* Sources */ = {
			isa = PBXSourcesBuildPhase;
			buildActionMask = 2147483647;
			files = (
				8EADE9CD2543DAD20019968E /* PostCell.swift in Sources */,
				8EADE9B32543C64C0019968E /* LoginViewController.swift in Sources */,
				8ED0860F2543C2830071F547 /* ViewController.swift in Sources */,
				8EADE9B82543C6590019968E /* FeedViewController.swift in Sources */,
				8ED0860B2543C2830071F547 /* AppDelegate.swift in Sources */,
				8ED0860D2543C2830071F547 /* SceneDelegate.swift in Sources */,
				8EADE9BD2543CF9C0019968E /* CameraViewController.swift in Sources */,
			);
			runOnlyForDeploymentPostprocessing = 0;
		};
		8ED086192543C2850071F547 /* Sources */ = {
			isa = PBXSourcesBuildPhase;
			buildActionMask = 2147483647;
			files = (
				8ED086222543C2860071F547 /* ParstagramTests.swift in Sources */,
			);
			runOnlyForDeploymentPostprocessing = 0;
		};
		8ED086242543C2860071F547 /* Sources */ = {
			isa = PBXSourcesBuildPhase;
			buildActionMask = 2147483647;
			files = (
				8ED0862D2543C2860071F547 /* ParstagramUITests.swift in Sources */,
			);
			runOnlyForDeploymentPostprocessing = 0;
		};
/* End PBXSourcesBuildPhase section */

/* Begin PBXTargetDependency section */
		8ED0861F2543C2850071F547 /* PBXTargetDependency */ = {
			isa = PBXTargetDependency;
			target = 8ED086062543C2830071F547 /* Parstagram */;
			targetProxy = 8ED0861E2543C2850071F547 /* PBXContainerItemProxy */;
		};
		8ED0862A2543C2860071F547 /* PBXTargetDependency */ = {
			isa = PBXTargetDependency;
			target = 8ED086062543C2830071F547 /* Parstagram */;
			targetProxy = 8ED086292543C2860071F547 /* PBXContainerItemProxy */;
		};
/* End PBXTargetDependency section */

/* Begin PBXVariantGroup section */
		8ED086102543C2830071F547 /* Main.storyboard */ = {
			isa = PBXVariantGroup;
			children = (
				8ED086112543C2830071F547 /* Base */,
			);
			name = Main.storyboard;
			sourceTree = "<group>";
		};
		8ED086152543C2850071F547 /* LaunchScreen.storyboard */ = {
			isa = PBXVariantGroup;
			children = (
				8ED086162543C2850071F547 /* Base */,
			);
			name = LaunchScreen.storyboard;
			sourceTree = "<group>";
		};
/* End PBXVariantGroup section */

/* Begin XCBuildConfiguration section */
		8ED0862F2543C2860071F547 /* Debug */ = {
			isa = XCBuildConfiguration;
			buildSettings = {
				ALWAYS_SEARCH_USER_PATHS = NO;
				CLANG_ANALYZER_NONNULL = YES;
				CLANG_ANALYZER_NUMBER_OBJECT_CONVERSION = YES_AGGRESSIVE;
				CLANG_CXX_LANGUAGE_STANDARD = "gnu++14";
				CLANG_CXX_LIBRARY = "libc++";
				CLANG_ENABLE_MODULES = YES;
				CLANG_ENABLE_OBJC_ARC = YES;
				CLANG_ENABLE_OBJC_WEAK = YES;
				CLANG_WARN_BLOCK_CAPTURE_AUTORELEASING = YES;
				CLANG_WARN_BOOL_CONVERSION = YES;
				CLANG_WARN_COMMA = YES;
				CLANG_WARN_CONSTANT_CONVERSION = YES;
				CLANG_WARN_DEPRECATED_OBJC_IMPLEMENTATIONS = YES;
				CLANG_WARN_DIRECT_OBJC_ISA_USAGE = YES_ERROR;
				CLANG_WARN_DOCUMENTATION_COMMENTS = YES;
				CLANG_WARN_EMPTY_BODY = YES;
				CLANG_WARN_ENUM_CONVERSION = YES;
				CLANG_WARN_INFINITE_RECURSION = YES;
				CLANG_WARN_INT_CONVERSION = YES;
				CLANG_WARN_NON_LITERAL_NULL_CONVERSION = YES;
				CLANG_WARN_OBJC_IMPLICIT_RETAIN_SELF = YES;
				CLANG_WARN_OBJC_LITERAL_CONVERSION = YES;
				CLANG_WARN_OBJC_ROOT_CLASS = YES_ERROR;
				CLANG_WARN_QUOTED_INCLUDE_IN_FRAMEWORK_HEADER = YES;
				CLANG_WARN_RANGE_LOOP_ANALYSIS = YES;
				CLANG_WARN_STRICT_PROTOTYPES = YES;
				CLANG_WARN_SUSPICIOUS_MOVE = YES;
				CLANG_WARN_UNGUARDED_AVAILABILITY = YES_AGGRESSIVE;
				CLANG_WARN_UNREACHABLE_CODE = YES;
				CLANG_WARN__DUPLICATE_METHOD_MATCH = YES;
				COPY_PHASE_STRIP = NO;
				DEBUG_INFORMATION_FORMAT = dwarf;
				ENABLE_STRICT_OBJC_MSGSEND = YES;
				ENABLE_TESTABILITY = YES;
				GCC_C_LANGUAGE_STANDARD = gnu11;
				GCC_DYNAMIC_NO_PIC = NO;
				GCC_NO_COMMON_BLOCKS = YES;
				GCC_OPTIMIZATION_LEVEL = 0;
				GCC_PREPROCESSOR_DEFINITIONS = (
					"DEBUG=1",
					"$(inherited)",
				);
				GCC_WARN_64_TO_32_BIT_CONVERSION = YES;
				GCC_WARN_ABOUT_RETURN_TYPE = YES_ERROR;
				GCC_WARN_UNDECLARED_SELECTOR = YES;
				GCC_WARN_UNINITIALIZED_AUTOS = YES_AGGRESSIVE;
				GCC_WARN_UNUSED_FUNCTION = YES;
				GCC_WARN_UNUSED_VARIABLE = YES;
				IPHONEOS_DEPLOYMENT_TARGET = 14.0;
				MTL_ENABLE_DEBUG_INFO = INCLUDE_SOURCE;
				MTL_FAST_MATH = YES;
				ONLY_ACTIVE_ARCH = YES;
				SDKROOT = iphoneos;
				SWIFT_ACTIVE_COMPILATION_CONDITIONS = DEBUG;
				SWIFT_OPTIMIZATION_LEVEL = "-Onone";
			};
			name = Debug;
		};
		8ED086302543C2860071F547 /* Release */ = {
			isa = XCBuildConfiguration;
			buildSettings = {
				ALWAYS_SEARCH_USER_PATHS = NO;
				CLANG_ANALYZER_NONNULL = YES;
				CLANG_ANALYZER_NUMBER_OBJECT_CONVERSION = YES_AGGRESSIVE;
				CLANG_CXX_LANGUAGE_STANDARD = "gnu++14";
				CLANG_CXX_LIBRARY = "libc++";
				CLANG_ENABLE_MODULES = YES;
				CLANG_ENABLE_OBJC_ARC = YES;
				CLANG_ENABLE_OBJC_WEAK = YES;
				CLANG_WARN_BLOCK_CAPTURE_AUTORELEASING = YES;
				CLANG_WARN_BOOL_CONVERSION = YES;
				CLANG_WARN_COMMA = YES;
				CLANG_WARN_CONSTANT_CONVERSION = YES;
				CLANG_WARN_DEPRECATED_OBJC_IMPLEMENTATIONS = YES;
				CLANG_WARN_DIRECT_OBJC_ISA_USAGE = YES_ERROR;
				CLANG_WARN_DOCUMENTATION_COMMENTS = YES;
				CLANG_WARN_EMPTY_BODY = YES;
				CLANG_WARN_ENUM_CONVERSION = YES;
				CLANG_WARN_INFINITE_RECURSION = YES;
				CLANG_WARN_INT_CONVERSION = YES;
				CLANG_WARN_NON_LITERAL_NULL_CONVERSION = YES;
				CLANG_WARN_OBJC_IMPLICIT_RETAIN_SELF = YES;
				CLANG_WARN_OBJC_LITERAL_CONVERSION = YES;
				CLANG_WARN_OBJC_ROOT_CLASS = YES_ERROR;
				CLANG_WARN_QUOTED_INCLUDE_IN_FRAMEWORK_HEADER = YES;
				CLANG_WARN_RANGE_LOOP_ANALYSIS = YES;
				CLANG_WARN_STRICT_PROTOTYPES = YES;
				CLANG_WARN_SUSPICIOUS_MOVE = YES;
				CLANG_WARN_UNGUARDED_AVAILABILITY = YES_AGGRESSIVE;
				CLANG_WARN_UNREACHABLE_CODE = YES;
				CLANG_WARN__DUPLICATE_METHOD_MATCH = YES;
				COPY_PHASE_STRIP = NO;
				DEBUG_INFORMATION_FORMAT = "dwarf-with-dsym";
				ENABLE_NS_ASSERTIONS = NO;
				ENABLE_STRICT_OBJC_MSGSEND = YES;
				GCC_C_LANGUAGE_STANDARD = gnu11;
				GCC_NO_COMMON_BLOCKS = YES;
				GCC_WARN_64_TO_32_BIT_CONVERSION = YES;
				GCC_WARN_ABOUT_RETURN_TYPE = YES_ERROR;
				GCC_WARN_UNDECLARED_SELECTOR = YES;
				GCC_WARN_UNINITIALIZED_AUTOS = YES_AGGRESSIVE;
				GCC_WARN_UNUSED_FUNCTION = YES;
				GCC_WARN_UNUSED_VARIABLE = YES;
				IPHONEOS_DEPLOYMENT_TARGET = 14.0;
				MTL_ENABLE_DEBUG_INFO = NO;
				MTL_FAST_MATH = YES;
				SDKROOT = iphoneos;
				SWIFT_COMPILATION_MODE = wholemodule;
				SWIFT_OPTIMIZATION_LEVEL = "-O";
				VALIDATE_PRODUCT = YES;
			};
			name = Release;
		};
		8ED086322543C2860071F547 /* Debug */ = {
			isa = XCBuildConfiguration;
			baseConfigurationReference = 207E42C3F433932329BE3CA1 /* Pods-Parstagram.debug.xcconfig */;
			buildSettings = {
				ASSETCATALOG_COMPILER_APPICON_NAME = AppIcon;
				ASSETCATALOG_COMPILER_GLOBAL_ACCENT_COLOR_NAME = AccentColor;
				CODE_SIGN_STYLE = Automatic;
				DEVELOPMENT_TEAM = 698V555YHG;
				INFOPLIST_FILE = Parstagram/Info.plist;
				LD_RUNPATH_SEARCH_PATHS = (
					"$(inherited)",
					"@executable_path/Frameworks",
				);
				PRODUCT_BUNDLE_IDENTIFIER = com.mariaoki.Parstagram;
				PRODUCT_NAME = "$(TARGET_NAME)";
				SWIFT_VERSION = 5.0;
				TARGETED_DEVICE_FAMILY = "1,2";
			};
			name = Debug;
		};
		8ED086332543C2860071F547 /* Release */ = {
			isa = XCBuildConfiguration;
			baseConfigurationReference = 3040D3C4987735C3D2579C69 /* Pods-Parstagram.release.xcconfig */;
			buildSettings = {
				ASSETCATALOG_COMPILER_APPICON_NAME = AppIcon;
				ASSETCATALOG_COMPILER_GLOBAL_ACCENT_COLOR_NAME = AccentColor;
				CODE_SIGN_STYLE = Automatic;
				DEVELOPMENT_TEAM = 698V555YHG;
				INFOPLIST_FILE = Parstagram/Info.plist;
				LD_RUNPATH_SEARCH_PATHS = (
					"$(inherited)",
					"@executable_path/Frameworks",
				);
				PRODUCT_BUNDLE_IDENTIFIER = com.mariaoki.Parstagram;
				PRODUCT_NAME = "$(TARGET_NAME)";
				SWIFT_VERSION = 5.0;
				TARGETED_DEVICE_FAMILY = "1,2";
			};
			name = Release;
		};
		8ED086352543C2860071F547 /* Debug */ = {
			isa = XCBuildConfiguration;
			baseConfigurationReference = 1379FB43CDB73321D5F11FBB /* Pods-ParstagramTests.debug.xcconfig */;
			buildSettings = {
				ALWAYS_EMBED_SWIFT_STANDARD_LIBRARIES = YES;
				BUNDLE_LOADER = "$(TEST_HOST)";
				CODE_SIGN_STYLE = Automatic;
				DEVELOPMENT_TEAM = 698V555YHG;
				INFOPLIST_FILE = ParstagramTests/Info.plist;
				IPHONEOS_DEPLOYMENT_TARGET = 14.0;
				LD_RUNPATH_SEARCH_PATHS = (
					"$(inherited)",
					"@executable_path/Frameworks",
					"@loader_path/Frameworks",
				);
				PRODUCT_BUNDLE_IDENTIFIER = com.mariaoki.ParstagramTests;
				PRODUCT_NAME = "$(TARGET_NAME)";
				SWIFT_VERSION = 5.0;
				TARGETED_DEVICE_FAMILY = "1,2";
				TEST_HOST = "$(BUILT_PRODUCTS_DIR)/Parstagram.app/Parstagram";
			};
			name = Debug;
		};
		8ED086362543C2860071F547 /* Release */ = {
			isa = XCBuildConfiguration;
			baseConfigurationReference = A9AE019135E2717BEB338ED4 /* Pods-ParstagramTests.release.xcconfig */;
			buildSettings = {
				ALWAYS_EMBED_SWIFT_STANDARD_LIBRARIES = YES;
				BUNDLE_LOADER = "$(TEST_HOST)";
				CODE_SIGN_STYLE = Automatic;
				DEVELOPMENT_TEAM = 698V555YHG;
				INFOPLIST_FILE = ParstagramTests/Info.plist;
				IPHONEOS_DEPLOYMENT_TARGET = 14.0;
				LD_RUNPATH_SEARCH_PATHS = (
					"$(inherited)",
					"@executable_path/Frameworks",
					"@loader_path/Frameworks",
				);
				PRODUCT_BUNDLE_IDENTIFIER = com.mariaoki.ParstagramTests;
				PRODUCT_NAME = "$(TARGET_NAME)";
				SWIFT_VERSION = 5.0;
				TARGETED_DEVICE_FAMILY = "1,2";
				TEST_HOST = "$(BUILT_PRODUCTS_DIR)/Parstagram.app/Parstagram";
			};
			name = Release;
		};
		8ED086382543C2860071F547 /* Debug */ = {
			isa = XCBuildConfiguration;
			baseConfigurationReference = C036F3CC282F279EC075EFD6 /* Pods-Parstagram-ParstagramUITests.debug.xcconfig */;
			buildSettings = {
				ALWAYS_EMBED_SWIFT_STANDARD_LIBRARIES = YES;
				CODE_SIGN_STYLE = Automatic;
				DEVELOPMENT_TEAM = 698V555YHG;
				INFOPLIST_FILE = ParstagramUITests/Info.plist;
				LD_RUNPATH_SEARCH_PATHS = (
					"$(inherited)",
					"@executable_path/Frameworks",
					"@loader_path/Frameworks",
				);
				PRODUCT_BUNDLE_IDENTIFIER = com.mariaoki.ParstagramUITests;
				PRODUCT_NAME = "$(TARGET_NAME)";
				SWIFT_VERSION = 5.0;
				TARGETED_DEVICE_FAMILY = "1,2";
				TEST_TARGET_NAME = Parstagram;
			};
			name = Debug;
		};
		8ED086392543C2860071F547 /* Release */ = {
			isa = XCBuildConfiguration;
			baseConfigurationReference = B953221262E4FB6FEAF4ABBB /* Pods-Parstagram-ParstagramUITests.release.xcconfig */;
			buildSettings = {
				ALWAYS_EMBED_SWIFT_STANDARD_LIBRARIES = YES;
				CODE_SIGN_STYLE = Automatic;
				DEVELOPMENT_TEAM = 698V555YHG;
				INFOPLIST_FILE = ParstagramUITests/Info.plist;
				LD_RUNPATH_SEARCH_PATHS = (
					"$(inherited)",
					"@executable_path/Frameworks",
					"@loader_path/Frameworks",
				);
				PRODUCT_BUNDLE_IDENTIFIER = com.mariaoki.ParstagramUITests;
				PRODUCT_NAME = "$(TARGET_NAME)";
				SWIFT_VERSION = 5.0;
				TARGETED_DEVICE_FAMILY = "1,2";
				TEST_TARGET_NAME = Parstagram;
			};
			name = Release;
		};
/* End XCBuildConfiguration section */

/* Begin XCConfigurationList section */
		8ED086022543C2830071F547 /* Build configuration list for PBXProject "Parstagram" */ = {
			isa = XCConfigurationList;
			buildConfigurations = (
				8ED0862F2543C2860071F547 /* Debug */,
				8ED086302543C2860071F547 /* Release */,
			);
			defaultConfigurationIsVisible = 0;
			defaultConfigurationName = Release;
		};
		8ED086312543C2860071F547 /* Build configuration list for PBXNativeTarget "Parstagram" */ = {
			isa = XCConfigurationList;
			buildConfigurations = (
				8ED086322543C2860071F547 /* Debug */,
				8ED086332543C2860071F547 /* Release */,
			);
			defaultConfigurationIsVisible = 0;
			defaultConfigurationName = Release;
		};
		8ED086342543C2860071F547 /* Build configuration list for PBXNativeTarget "ParstagramTests" */ = {
			isa = XCConfigurationList;
			buildConfigurations = (
				8ED086352543C2860071F547 /* Debug */,
				8ED086362543C2860071F547 /* Release */,
			);
			defaultConfigurationIsVisible = 0;
			defaultConfigurationName = Release;
		};
		8ED086372543C2860071F547 /* Build configuration list for PBXNativeTarget "ParstagramUITests" */ = {
			isa = XCConfigurationList;
			buildConfigurations = (
				8ED086382543C2860071F547 /* Debug */,
				8ED086392543C2860071F547 /* Release */,
			);
			defaultConfigurationIsVisible = 0;
			defaultConfigurationName = Release;
		};
/* End XCConfigurationList section */
	};
	rootObject = 8ED085FF2543C2830071F547 /* Project object */;
}
